{
  "version": 4,
  "terraform_version": "0.12.24",
  "serial": 4,
  "lineage": "168f4af1-37c5-5c41-9406-3264e60e113e",
  "outputs": {
    "connection-command": {
      "value": "gcloud container clusters get-credentials solid-justice-272605-cluster --zone us-central1-a --project solid-justice-272605",
      "type": "string"
    }
  },
  "resources": [
    {
      "module": "module.kubernetes",
      "mode": "data",
      "type": "google_compute_zones",
      "name": "available",
      "provider": "module.kubernetes.provider.google",
      "instances": [
        {
          "schema_version": 0,
          "attributes": {
            "id": "2020-03-29 17:00:55.62375506 +0000 UTC",
            "names": [
              "us-central1-a",
              "us-central1-b",
              "us-central1-c",
              "us-central1-f"
            ],
            "project": "solid-justice-272605",
            "region": "us-central1",
            "status": null
          }
        }
      ]
    },
    {
      "module": "module.kubernetes",
      "mode": "data",
      "type": "google_container_engine_versions",
      "name": "available",
      "provider": "module.kubernetes.provider.google",
      "instances": [
        {
          "schema_version": 0,
          "attributes": {
            "default_cluster_version": "1.14.10-gke.24",
            "id": "2020-03-29 17:00:55.503970893 +0000 UTC",
            "latest_master_version": "1.15.9-gke.26",
            "latest_node_version": "1.15.9-gke.26",
            "location": "us-central1-a",
            "project": null,
            "region": null,
            "valid_master_versions": [
              "1.15.9-gke.26",
              "1.15.9-gke.24",
              "1.15.9-gke.22",
              "1.15.9-gke.12",
              "1.15.8-gke.3",
              "1.14.10-gke.32",
              "1.14.10-gke.31",
              "1.14.10-gke.27",
              "1.14.10-gke.24",
              "1.14.10-gke.22",
              "1.14.10-gke.21",
              "1.14.10-gke.17"
            ],
            "valid_node_versions": [
              "1.15.9-gke.26",
              "1.15.9-gke.24",
              "1.15.9-gke.22",
              "1.15.9-gke.12",
              "1.15.9-gke.9",
              "1.15.9-gke.8",
              "1.15.8-gke.3",
              "1.15.8-gke.2",
              "1.15.7-gke.23",
              "1.15.7-gke.2",
              "1.15.4-gke.22",
              "1.14.10-gke.32",
              "1.14.10-gke.31",
              "1.14.10-gke.27",
              "1.14.10-gke.24",
              "1.14.10-gke.22",
              "1.14.10-gke.21",
              "1.14.10-gke.17",
              "1.14.10-gke.0",
              "1.14.9-gke.23",
              "1.14.9-gke.2",
              "1.14.9-gke.0",
              "1.14.8-gke.33",
              "1.14.8-gke.21",
              "1.14.8-gke.18",
              "1.14.8-gke.17",
              "1.14.8-gke.14",
              "1.14.8-gke.12",
              "1.14.8-gke.7",
              "1.14.8-gke.2",
              "1.14.7-gke.40",
              "1.14.7-gke.25",
              "1.14.7-gke.23",
              "1.14.7-gke.17",
              "1.14.7-gke.14",
              "1.14.7-gke.10",
              "1.14.6-gke.13",
              "1.14.6-gke.2",
              "1.14.6-gke.1",
              "1.14.3-gke.11",
              "1.14.3-gke.10",
              "1.14.3-gke.9",
              "1.14.2-gke.9",
              "1.14.1-gke.5",
              "1.13.12-gke.30",
              "1.13.12-gke.25",
              "1.13.12-gke.17",
              "1.13.12-gke.16",
              "1.13.12-gke.14",
              "1.13.12-gke.13",
              "1.13.12-gke.10",
              "1.13.12-gke.8",
              "1.13.12-gke.4",
              "1.13.12-gke.2",
              "1.13.11-gke.23",
              "1.13.11-gke.15",
              "1.13.11-gke.14",
              "1.13.11-gke.12",
              "1.13.11-gke.11",
              "1.13.11-gke.9",
              "1.13.11-gke.5",
              "1.13.10-gke.7",
              "1.13.10-gke.0",
              "1.13.9-gke.11",
              "1.13.9-gke.3",
              "1.13.7-gke.24",
              "1.13.7-gke.19",
              "1.13.7-gke.15",
              "1.13.7-gke.8",
              "1.13.7-gke.0",
              "1.13.6-gke.13",
              "1.13.6-gke.6",
              "1.13.6-gke.5",
              "1.13.6-gke.0",
              "1.13.5-gke.10",
              "1.12.10-gke.22",
              "1.12.10-gke.20",
              "1.12.10-gke.19",
              "1.12.10-gke.18",
              "1.12.10-gke.17",
              "1.12.10-gke.15",
              "1.12.10-gke.13",
              "1.12.10-gke.11",
              "1.12.10-gke.5",
              "1.12.9-gke.16",
              "1.12.9-gke.15",
              "1.12.9-gke.13",
              "1.12.9-gke.10",
              "1.12.9-gke.7",
              "1.12.9-gke.3",
              "1.12.8-gke.12",
              "1.12.8-gke.10",
              "1.12.8-gke.7",
              "1.12.8-gke.6",
              "1.12.7-gke.26",
              "1.12.7-gke.25",
              "1.12.7-gke.24",
              "1.12.7-gke.22",
              "1.12.7-gke.21",
              "1.12.7-gke.17",
              "1.12.7-gke.10",
              "1.12.7-gke.7",
              "1.12.6-gke.11",
              "1.12.6-gke.10",
              "1.12.6-gke.7",
              "1.12.5-gke.10",
              "1.12.5-gke.5",
              "1.11.10-gke.6",
              "1.11.10-gke.5",
              "1.11.10-gke.4",
              "1.11.9-gke.13",
              "1.11.9-gke.8",
              "1.11.9-gke.5",
              "1.11.8-gke.10",
              "1.11.8-gke.6",
              "1.11.8-gke.5",
              "1.11.8-gke.4",
              "1.11.7-gke.18",
              "1.11.7-gke.12",
              "1.11.7-gke.6",
              "1.11.7-gke.4",
              "1.11.6-gke.16",
              "1.11.6-gke.11",
              "1.11.6-gke.6",
              "1.11.6-gke.3",
              "1.11.6-gke.2",
              "1.11.6-gke.0",
              "1.11.5-gke.5",
              "1.11.5-gke.4",
              "1.11.4-gke.13",
              "1.11.4-gke.12",
              "1.11.4-gke.8",
              "1.11.3-gke.24",
              "1.11.3-gke.23",
              "1.11.3-gke.18",
              "1.11.2-gke.26",
              "1.11.2-gke.25",
              "1.11.2-gke.20",
              "1.11.2-gke.18",
              "1.11.2-gke.15",
              "1.11.2-gke.9",
              "1.10.12-gke.14",
              "1.10.12-gke.9",
              "1.10.12-gke.7",
              "1.10.12-gke.1",
              "1.10.12-gke.0",
              "1.10.11-gke.1",
              "1.10.9-gke.7",
              "1.10.9-gke.5",
              "1.10.9-gke.3",
              "1.10.9-gke.0",
              "1.10.7-gke.13",
              "1.10.7-gke.11",
              "1.10.7-gke.9",
              "1.10.7-gke.6",
              "1.10.7-gke.2",
              "1.10.7-gke.1",
              "1.10.6-gke.13",
              "1.10.6-gke.11",
              "1.10.6-gke.9",
              "1.10.6-gke.6",
              "1.10.6-gke.4",
              "1.10.6-gke.3",
              "1.10.6-gke.2",
              "1.10.6-gke.1",
              "1.10.5-gke.4",
              "1.10.5-gke.3",
              "1.10.5-gke.2",
              "1.10.5-gke.0",
              "1.10.4-gke.3",
              "1.10.4-gke.2",
              "1.10.4-gke.0",
              "1.10.2-gke.4",
              "1.10.2-gke.3",
              "1.10.2-gke.1",
              "1.9.7-gke.11",
              "1.9.7-gke.7",
              "1.9.7-gke.6",
              "1.9.7-gke.5",
              "1.9.7-gke.4",
              "1.9.7-gke.3",
              "1.9.7-gke.1",
              "1.9.7-gke.0",
              "1.9.6-gke.2",
              "1.9.6-gke.1",
              "1.9.3-gke.0",
              "1.8.12-gke.3",
              "1.8.12-gke.2",
              "1.8.12-gke.1",
              "1.8.12-gke.0",
              "1.8.10-gke.2",
              "1.8.10-gke.0",
              "1.8.9-gke.1",
              "1.8.8-gke.0",
              "1.7.15-gke.0",
              "1.7.12-gke.2",
              "1.6.13-gke.1"
            ],
            "version_prefix": null,
            "zone": null
          }
        }
      ]
    },
    {
      "module": "module.kubernetes",
      "mode": "managed",
      "type": "google_container_cluster",
      "name": "primary",
      "provider": "module.kubernetes.provider.google",
      "instances": [
        {
          "schema_version": 1,
          "attributes": {
            "additional_zones": [],
            "addons_config": [
              {
                "horizontal_pod_autoscaling": [],
                "http_load_balancing": [],
                "kubernetes_dashboard": [],
                "network_policy_config": [
                  {
                    "disabled": true
                  }
                ]
              }
            ],
            "authenticator_groups_config": [],
            "cluster_autoscaling": [
              {
                "auto_provisioning_defaults": [],
                "enabled": false,
                "resource_limits": []
              }
            ],
            "cluster_ipv4_cidr": "10.48.0.0/14",
            "default_max_pods_per_node": 110,
            "description": "Kubernetes cluster",
            "enable_binary_authorization": null,
            "enable_intranode_visibility": null,
            "enable_kubernetes_alpha": false,
            "enable_legacy_abac": false,
            "enable_tpu": null,
            "endpoint": "35.223.214.234",
            "id": "projects/solid-justice-272605/locations/us-central1-a/clusters/solid-justice-272605-cluster",
            "initial_node_count": 0,
            "instance_group_urls": [
              "https://www.googleapis.com/compute/v1/projects/solid-justice-272605/zones/us-central1-b/instanceGroups/gke-solid-justice-27-unused-default-p-49c95315-grp",
              "https://www.googleapis.com/compute/v1/projects/solid-justice-272605/zones/us-central1-c/instanceGroups/gke-solid-justice-27-unused-default-p-dda0d23a-grp",
              "https://www.googleapis.com/compute/v1/projects/solid-justice-272605/zones/us-central1-a/instanceGroups/gke-solid-justice-27-unused-default-p-6f1d7f0d-grp"
            ],
            "ip_allocation_policy": [],
            "location": "us-central1-a",
            "logging_service": "logging.googleapis.com/kubernetes",
            "maintenance_policy": [],
            "master_auth": [
              {
                "client_certificate": "",
                "client_certificate_config": [
                  {
                    "issue_client_certificate": false
                  }
                ],
                "client_key": "",
                "cluster_ca_certificate": "LS0tLS1CRUdJTiBDRVJUSUZJQ0FURS0tLS0tCk1JSURERENDQWZTZ0F3SUJBZ0lSQUoyZ2s0RHVCMVBVYlRSVG9vczVuRmN3RFFZSktvWklodmNOQVFFTEJRQXcKTHpFdE1Dc0dBMVVFQXhNa01HSXpaVFZoTlRFdE5XVmpNQzAwWm1VMExUZzRNV010WXpVMFpEZGtNVFk0TlROaApNQjRYRFRJd01ETXlPVEUyTURFd01Gb1hEVEkxTURNeU9ERTNNREV3TUZvd0x6RXRNQ3NHQTFVRUF4TWtNR0l6ClpUVmhOVEV0TldWak1DMDBabVUwTFRnNE1XTXRZelUwWkRka01UWTROVE5oTUlJQklqQU5CZ2txaGtpRzl3MEIKQVFFRkFBT0NBUThBTUlJQkNnS0NBUUVBalFFdnJsTGRNbERqcm85SnhabnZCTFVCSUIyY0IvZUxCS0NQaEZzRwplZG5UdUdIMngzczA0anpWK1k0YXVmeFdxQ3FudnZ2YlFzdkZ0aU1POVg0bmx6a0lHcGRMcFRzRVpWNVZpV1hIClBJeVEvK2NDZjR1OW0vckpMdnVDRGJ6cWFCVVZwWVMyanlYamorN21yZnNNS3lzcUpiZnIyL0dYK2VPbXM5QzYKY0pjc1VNbUZubkRGVi9HM1R2Q0VkWFhUanlqdW0zS3FzYkxWYU84VDFkZEc2MUQxMW4waDR6ZVJpQWYvR2hRNApZZ09vTkN5VjlRbEF1RWhiUnZIbFpnSUVHZlBGMksrSndRQ1pjYURPa3l3LzlEMHVFWTRLY0x6Sjl3bVhoMEZXCkpBZHdpZktOcEZrQmw2bGYxOEE4UEdUUDI4V1IzL2V1ajVGbWw1Y0pZV1poUXdJREFRQUJveU13SVRBT0JnTlYKSFE4QkFmOEVCQU1DQWdRd0R3WURWUjBUQVFIL0JBVXdBd0VCL3pBTkJna3Foa2lHOXcwQkFRc0ZBQU9DQVFFQQpIN0p2bzgycld6VStuRDVZbTYvWGE2Wmh1QzJvdTUyakVmQjhOdnBqRTJkT25zVTYwdklGSCtQaTVyd24vV2NoCm1KQUpGcitFdjdYTE02QS8vMzJYZ1dSUmZnRm5OUVVCOHE0aDZBcjVHNThOWndJMWJydkpFQ3ZQeWVMOEpFWGQKVXZvWHNjL20ralkrUGlrVC91aTAzcXVydTBHVHVZRDUzUFViNjRRSlcrclpnYUl1TWVMTmdVeHNwN1A0NkNEUQpuc21GeVFHa0FZSFJIdDRISjlGWTdnTDVEa2VUUWFodjdIc3c0cEF5ZXgwVE15R09XamZ0WDQ1dDUzV2hGSlNuClgyUzN0RkZzOWZob0Q3WStWbjdySFhNbGtnTDhxS1RGSndITGFKSGp3d0NWUEd5bzZWcWF5YUtEcmhRaXZ3NU0KZ0VHcGNweUxDbXBvVUFYMTI5ei8wQT09Ci0tLS0tRU5EIENFUlRJRklDQVRFLS0tLS0K",
                "password": "",
                "username": ""
              }
            ],
            "master_authorized_networks_config": [],
            "master_version": "1.15.9-gke.26",
            "min_master_version": "1.15.9-gke.26",
            "monitoring_service": "monitoring.googleapis.com/kubernetes",
            "name": "solid-justice-272605-cluster",
            "network": "projects/solid-justice-272605/global/networks/default",
            "network_policy": [
              {
                "enabled": false,
                "provider": "PROVIDER_UNSPECIFIED"
              }
            ],
            "node_config": [
              {
                "disk_size_gb": 100,
                "disk_type": "pd-standard",
                "guest_accelerator": [],
                "image_type": "COS",
                "labels": {},
                "local_ssd_count": 0,
                "machine_type": "n1-standard-1",
                "metadata": {
                  "disable-legacy-endpoints": "true"
                },
                "min_cpu_platform": "",
                "oauth_scopes": [
                  "https://www.googleapis.com/auth/devstorage.read_only",
                  "https://www.googleapis.com/auth/logging.write",
                  "https://www.googleapis.com/auth/monitoring",
                  "https://www.googleapis.com/auth/service.management.readonly",
                  "https://www.googleapis.com/auth/servicecontrol",
                  "https://www.googleapis.com/auth/trace.append"
                ],
                "preemptible": false,
                "sandbox_config": [],
                "service_account": "default",
                "shielded_instance_config": [
                  {
                    "enable_integrity_monitoring": true,
                    "enable_secure_boot": false
                  }
                ],
                "tags": [],
                "taint": [],
                "workload_metadata_config": []
              }
            ],
            "node_locations": [
              "us-central1-b",
              "us-central1-c"
            ],
            "node_pool": [
              {
                "autoscaling": [],
                "initial_node_count": 0,
                "instance_group_urls": [
                  "https://www.googleapis.com/compute/v1/projects/solid-justice-272605/zones/us-central1-b/instanceGroupManagers/gke-solid-justice-27-unused-default-p-49c95315-grp",
                  "https://www.googleapis.com/compute/v1/projects/solid-justice-272605/zones/us-central1-c/instanceGroupManagers/gke-solid-justice-27-unused-default-p-dda0d23a-grp",
                  "https://www.googleapis.com/compute/v1/projects/solid-justice-272605/zones/us-central1-a/instanceGroupManagers/gke-solid-justice-27-unused-default-p-6f1d7f0d-grp"
                ],
                "management": [
                  {
                    "auto_repair": false,
                    "auto_upgrade": true
                  }
                ],
                "max_pods_per_node": 0,
                "name": "unused-default-pool",
                "name_prefix": "",
                "node_config": [
                  {
                    "disk_size_gb": 100,
                    "disk_type": "pd-standard",
                    "guest_accelerator": [],
                    "image_type": "COS",
                    "labels": {},
                    "local_ssd_count": 0,
                    "machine_type": "n1-standard-1",
                    "metadata": {
                      "disable-legacy-endpoints": "true"
                    },
                    "min_cpu_platform": "",
                    "oauth_scopes": [
                      "https://www.googleapis.com/auth/devstorage.read_only",
                      "https://www.googleapis.com/auth/logging.write",
                      "https://www.googleapis.com/auth/monitoring",
                      "https://www.googleapis.com/auth/service.management.readonly",
                      "https://www.googleapis.com/auth/servicecontrol",
                      "https://www.googleapis.com/auth/trace.append"
                    ],
                    "preemptible": false,
                    "sandbox_config": [],
                    "service_account": "default",
                    "shielded_instance_config": [
                      {
                        "enable_integrity_monitoring": true,
                        "enable_secure_boot": false
                      }
                    ],
                    "tags": [],
                    "taint": [],
                    "workload_metadata_config": []
                  }
                ],
                "node_count": 0,
                "version": "1.15.9-gke.26"
              }
            ],
            "node_version": "1.15.9-gke.26",
            "operation": null,
            "pod_security_policy_config": null,
            "private_cluster_config": [],
            "project": "solid-justice-272605",
            "region": null,
            "remove_default_node_pool": null,
            "resource_labels": null,
            "services_ipv4_cidr": "10.51.240.0/20",
            "subnetwork": "projects/solid-justice-272605/regions/us-central1/subnetworks/default",
            "timeouts": null,
            "vertical_pod_autoscaling": [],
            "zone": null
          },
          "private": "eyJlMmJmYjczMC1lY2FhLTExZTYtOGY4OC0zNDM2M2JjN2M0YzAiOnsiY3JlYXRlIjoyNDAwMDAwMDAwMDAwLCJkZWxldGUiOjI0MDAwMDAwMDAwMDAsInVwZGF0ZSI6MzYwMDAwMDAwMDAwMH0sInNjaGVtYV92ZXJzaW9uIjoiMSJ9",
          "dependencies": [
            "module.kubernetes.null_resource.start"
          ]
        }
      ]
    },
    {
      "module": "module.kubernetes",
      "mode": "managed",
      "type": "google_container_node_pool",
      "name": "default",
      "provider": "module.kubernetes.provider.google",
      "instances": [
        {
          "schema_version": 1,
          "attributes": {
            "autoscaling": [
              {
                "max_node_count": 10,
                "min_node_count": 1
              }
            ],
            "cluster": "solid-justice-272605-cluster",
            "id": "projects/solid-justice-272605/locations/us-central1-a/clusters/solid-justice-272605-cluster/nodePools/solid-justice-272605-cluster-pool",
            "initial_node_count": 1,
            "instance_group_urls": [
              "https://www.googleapis.com/compute/v1/projects/solid-justice-272605/zones/us-central1-b/instanceGroupManagers/gke-solid-justice-27-solid-justice-27-6c539844-grp",
              "https://www.googleapis.com/compute/v1/projects/solid-justice-272605/zones/us-central1-c/instanceGroupManagers/gke-solid-justice-27-solid-justice-27-3a967678-grp",
              "https://www.googleapis.com/compute/v1/projects/solid-justice-272605/zones/us-central1-a/instanceGroupManagers/gke-solid-justice-27-solid-justice-27-463e7e50-grp"
            ],
            "location": "us-central1-a",
            "management": [
              {
                "auto_repair": false,
                "auto_upgrade": true
              }
            ],
            "max_pods_per_node": null,
            "name": "solid-justice-272605-cluster-pool",
            "name_prefix": "",
            "node_config": [
              {
                "disk_size_gb": 200,
                "disk_type": "pd-standard",
                "guest_accelerator": [],
                "image_type": "COS",
                "labels": {},
                "local_ssd_count": 0,
                "machine_type": "n1-standard-1",
                "metadata": {
                  "disable-legacy-endpoints": "true"
                },
                "min_cpu_platform": "",
                "oauth_scopes": [
                  "https://www.googleapis.com/auth/compute",
                  "https://www.googleapis.com/auth/devstorage.read_only",
                  "https://www.googleapis.com/auth/logging.write",
                  "https://www.googleapis.com/auth/monitoring",
                  "https://www.googleapis.com/auth/service.management",
                  "https://www.googleapis.com/auth/servicecontrol"
                ],
                "preemptible": false,
                "sandbox_config": [],
                "service_account": "default",
                "shielded_instance_config": [
                  {
                    "enable_integrity_monitoring": true,
                    "enable_secure_boot": false
                  }
                ],
                "tags": null,
                "taint": [],
                "workload_metadata_config": []
              }
            ],
            "node_count": 1,
            "project": "solid-justice-272605",
            "region": null,
            "timeouts": null,
            "version": "1.15.9-gke.26",
            "zone": null
          },
          "private": "eyJlMmJmYjczMC1lY2FhLTExZTYtOGY4OC0zNDM2M2JjN2M0YzAiOnsiY3JlYXRlIjoxODAwMDAwMDAwMDAwLCJkZWxldGUiOjE4MDAwMDAwMDAwMDAsInVwZGF0ZSI6MTgwMDAwMDAwMDAwMH0sInNjaGVtYV92ZXJzaW9uIjoiMSJ9",
          "dependencies": [
            "module.kubernetes.google_container_cluster.primary",
            "module.kubernetes.null_resource.start"
          ]
        }
      ]
    },
    {
      "module": "module.kubernetes",
      "mode": "managed",
      "type": "null_resource",
      "name": "start",
      "provider": "provider.null",
      "instances": [
        {
          "schema_version": 0,
          "attributes": {
            "id": "8482902353765087948",
            "triggers": {
              "depends_id": ""
            }
          },
          "private": "bnVsbA=="
        }
      ]
    }
  ]
}
